// !$*UTF8*$!
{
	archiveVersion = 1;
	classes = {
	};
	objectVersion = 46;
	objects = {

/* Begin PBXBuildFile section */
		AD714FE5D14F095D743C57CE /* Pods_ixLocationTwo.framework in Frameworks */ = {isa = PBXBuildFile; fileRef = 23431587EEFA71A1A1B3A3EB /* Pods_ixLocationTwo.framework */; };
		B6ECE4E31EE5423800093CFC /* AppDelegate.swift in Sources */ = {isa = PBXBuildFile; fileRef = B6ECE4E21EE5423800093CFC /* AppDelegate.swift */; };
		B6ECE4E51EE5423800093CFC /* FirstViewController.swift in Sources */ = {isa = PBXBuildFile; fileRef = B6ECE4E41EE5423800093CFC /* FirstViewController.swift */; };
		B6ECE4E71EE5423800093CFC /* SecondViewController.swift in Sources */ = {isa = PBXBuildFile; fileRef = B6ECE4E61EE5423800093CFC /* SecondViewController.swift */; };
		B6ECE4EA1EE5423800093CFC /* Main.storyboard in Resources */ = {isa = PBXBuildFile; fileRef = B6ECE4E81EE5423800093CFC /* Main.storyboard */; };
		B6ECE4EC1EE5423800093CFC /* Assets.xcassets in Resources */ = {isa = PBXBuildFile; fileRef = B6ECE4EB1EE5423800093CFC /* Assets.xcassets */; };
		B6ECE4EF1EE5423800093CFC /* LaunchScreen.storyboard in Resources */ = {isa = PBXBuildFile; fileRef = B6ECE4ED1EE5423800093CFC /* LaunchScreen.storyboard */; };
/* End PBXBuildFile section */

/* Begin PBXFileReference section */
		23431587EEFA71A1A1B3A3EB /* Pods_ixLocationTwo.framework */ = {isa = PBXFileReference; explicitFileType = wrapper.framework; includeInIndex = 0; path = Pods_ixLocationTwo.framework; sourceTree = BUILT_PRODUCTS_DIR; };
		B6ECE4DF1EE5423800093CFC /* ixLocationTwo.app */ = {isa = PBXFileReference; explicitFileType = wrapper.application; includeInIndex = 0; path = ixLocationTwo.app; sourceTree = BUILT_PRODUCTS_DIR; };
		B6ECE4E21EE5423800093CFC /* AppDelegate.swift */ = {isa = PBXFileReference; lastKnownFileType = sourcecode.swift; path = AppDelegate.swift; sourceTree = "<group>"; };
		B6ECE4E41EE5423800093CFC /* FirstViewController.swift */ = {isa = PBXFileReference; lastKnownFileType = sourcecode.swift; path = FirstViewController.swift; sourceTree = "<group>"; };
		B6ECE4E61EE5423800093CFC /* SecondViewController.swift */ = {isa = PBXFileReference; lastKnownFileType = sourcecode.swift; path = SecondViewController.swift; sourceTree = "<group>"; };
		B6ECE4E91EE5423800093CFC /* Base */ = {isa = PBXFileReference; lastKnownFileType = file.storyboard; name = Base; path = Base.lproj/Main.storyboard; sourceTree = "<group>"; };
		B6ECE4EB1EE5423800093CFC /* Assets.xcassets */ = {isa = PBXFileReference; lastKnownFileType = folder.assetcatalog; path = Assets.xcassets; sourceTree = "<group>"; };
		B6ECE4EE1EE5423800093CFC /* Base */ = {isa = PBXFileReference; lastKnownFileType = file.storyboard; name = Base; path = Base.lproj/LaunchScreen.storyboard; sourceTree = "<group>"; };
		B6ECE4F01EE5423800093CFC /* Info.plist */ = {isa = PBXFileReference; lastKnownFileType = text.plist.xml; path = Info.plist; sourceTree = "<group>"; };
		CF9BCBD29A76159144757AC6 /* Pods-ixLocationTwo.debug.xcconfig */ = {isa = PBXFileReference; includeInIndex = 1; lastKnownFileType = text.xcconfig; name = "Pods-ixLocationTwo.debug.xcconfig"; path = "Pods/Target Support Files/Pods-ixLocationTwo/Pods-ixLocationTwo.debug.xcconfig"; sourceTree = "<group>"; };
		F6AECC3B199A2C83631CD176 /* Pods-ixLocationTwo.release.xcconfig */ = {isa = PBXFileReference; includeInIndex = 1; lastKnownFileType = text.xcconfig; name = "Pods-ixLocationTwo.release.xcconfig"; path = "Pods/Target Support Files/Pods-ixLocationTwo/Pods-ixLocationTwo.release.xcconfig"; sourceTree = "<group>"; };
/* End PBXFileReference section */

/* Begin PBXFrameworksBuildPhase section */
		B6ECE4DC1EE5423800093CFC /* Frameworks */ = {
			isa = PBXFrameworksBuildPhase;
			buildActionMask = 2147483647;
			files = (
				AD714FE5D14F095D743C57CE /* Pods_ixLocationTwo.framework in Frameworks */,
			);
			runOnlyForDeploymentPostprocessing = 0;
		};
/* End PBXFrameworksBuildPhase section */

/* Begin PBXGroup section */
		612E86B895E640A4B92CA9D6 /* Frameworks */ = {
			isa = PBXGroup;
			children = (
				23431587EEFA71A1A1B3A3EB /* Pods_ixLocationTwo.framework */,
			);
			name = Frameworks;
			sourceTree = "<group>";
		};
		B6ECE4D61EE5423800093CFC = {
			isa = PBXGroup;
			children = (
				B6ECE4E11EE5423800093CFC /* ixLocationTwo */,
				B6ECE4E01EE5423800093CFC /* Products */,
				DE9D2DFBAAB908A7C4FA5DF9 /* Pods */,
				612E86B895E640A4B92CA9D6 /* Frameworks */,
			);
			sourceTree = "<group>";
		};
		B6ECE4E01EE5423800093CFC /* Products */ = {
			isa = PBXGroup;
			children = (
				B6ECE4DF1EE5423800093CFC /* ixLocationTwo.app */,
			);
			name = Products;
			sourceTree = "<group>";
		};
		B6ECE4E11EE5423800093CFC /* ixLocationTwo */ = {
			isa = PBXGroup;
			children = (
				B6ECE4E21EE5423800093CFC /* AppDelegate.swift */,
				B6ECE4E41EE5423800093CFC /* FirstViewController.swift */,
				B6ECE4E61EE5423800093CFC /* SecondViewController.swift */,
				B6ECE4E81EE5423800093CFC /* Main.storyboard */,
				B6ECE4EB1EE5423800093CFC /* Assets.xcassets */,
				B6ECE4ED1EE5423800093CFC /* LaunchScreen.storyboard */,
				B6ECE4F01EE5423800093CFC /* Info.plist */,
			);
			path = ixLocationTwo;
			sourceTree = "<group>";
		};
		DE9D2DFBAAB908A7C4FA5DF9 /* Pods */ = {
			isa = PBXGroup;
			children = (
				CF9BCBD29A76159144757AC6 /* Pods-ixLocationTwo.debug.xcconfig */,
				F6AECC3B199A2C83631CD176 /* Pods-ixLocationTwo.release.xcconfig */,
			);
			name = Pods;
			sourceTree = "<group>";
		};
/* End PBXGroup section */

/* Begin PBXNativeTarget section */
		B6ECE4DE1EE5423800093CFC /* ixLocationTwo */ = {
			isa = PBXNativeTarget;
			buildConfigurationList = B6ECE4F31EE5423800093CFC /* Build configuration list for PBXNativeTarget "ixLocationTwo" */;
			buildPhases = (
				E62CDC8D6C21398A698716CF /* [CP] Check Pods Manifest.lock */,
				B6ECE4DB1EE5423800093CFC /* Sources */,
				B6ECE4DC1EE5423800093CFC /* Frameworks */,
				B6ECE4DD1EE5423800093CFC /* Resources */,
				65CCFE2A58D02977DB4E7304 /* [CP] Embed Pods Frameworks */,
				9CF8B20005FD1780C92DB487 /* [CP] Copy Pods Resources */,
			);
			buildRules = (
			);
			dependencies = (
			);
			name = ixLocationTwo;
			productName = ixLocationTwo;
			productReference = B6ECE4DF1EE5423800093CFC /* ixLocationTwo.app */;
			productType = "com.apple.product-type.application";
		};
/* End PBXNativeTarget section */

/* Begin PBXProject section */
		B6ECE4D71EE5423800093CFC /* Project object */ = {
			isa = PBXProject;
			attributes = {
				LastSwiftUpdateCheck = 0830;
				LastUpgradeCheck = 0830;
				ORGANIZATIONNAME = "Jon Nelson";
				TargetAttributes = {
					B6ECE4DE1EE5423800093CFC = {
						CreatedOnToolsVersion = 8.3.2;
						DevelopmentTeam = V2SYTB72GZ;
						ProvisioningStyle = Automatic;
					};
				};
			};
			buildConfigurationList = B6ECE4DA1EE5423800093CFC /* Build configuration list for PBXProject "ixLocationTwo" */;
			compatibilityVersion = "Xcode 3.2";
			developmentRegion = English;
			hasScannedForEncodings = 0;
			knownRegions = (
				en,
				Base,
			);
			mainGroup = B6ECE4D61EE5423800093CFC;
			productRefGroup = B6ECE4E01EE5423800093CFC /* Products */;
			projectDirPath = "";
			projectRoot = "";
			targets = (
				B6ECE4DE1EE5423800093CFC /* ixLocationTwo */,
			);
		};
/* End PBXProject section */

/* Begin PBXResourcesBuildPhase section */
		B6ECE4DD1EE5423800093CFC /* Resources */ = {
			isa = PBXResourcesBuildPhase;
			buildActionMask = 2147483647;
			files = (
				B6ECE4EF1EE5423800093CFC /* LaunchScreen.storyboard in Resources */,
				B6ECE4EC1EE5423800093CFC /* Assets.xcassets in Resources */,
				B6ECE4EA1EE5423800093CFC /* Main.storyboard in Resources */,
			);
			runOnlyForDeploymentPostprocessing = 0;
		};
/* End PBXResourcesBuildPhase section */

/* Begin PBXShellScriptBuildPhase section */
		65CCFE2A58D02977DB4E7304 /* [CP] Embed Pods Frameworks */ = {
			isa = PBXShellScriptBuildPhase;
			buildActionMask = 2147483647;
			files = (
			);
			inputPaths = (
			);
			name = "[CP] Embed Pods Frameworks";
			outputPaths = (
			);
			runOnlyForDeploymentPostprocessing = 0;
			shellPath = /bin/sh;
			shellScript = "\"${SRCROOT}/Pods/Target Support Files/Pods-ixLocationTwo/Pods-ixLocationTwo-frameworks.sh\"\n";
			showEnvVarsInLog = 0;
		};
		9CF8B20005FD1780C92DB487 /* [CP] Copy Pods Resources */ = {
			isa = PBXShellScriptBuildPhase;
			buildActionMask = 2147483647;
			files = (
			);
			inputPaths = (
			);
			name = "[CP] Copy Pods Resources";
			outputPaths = (
			);
			runOnlyForDeploymentPostprocessing = 0;
			shellPath = /bin/sh;
			shellScript = "\"${SRCROOT}/Pods/Target Support Files/Pods-ixLocationTwo/Pods-ixLocationTwo-resources.sh\"\n";
			showEnvVarsInLog = 0;
		};
		E62CDC8D6C21398A698716CF /* [CP] Check Pods Manifest.lock */ = {
			isa = PBXShellScriptBuildPhase;
			buildActionMask = 2147483647;
			files = (
			);
			inputPaths = (
			);
			name = "[CP] Check Pods Manifest.lock";
			outputPaths = (
			);
			runOnlyForDeploymentPostprocessing = 0;
			shellPath = /bin/sh;
			shellScript = "diff \"${PODS_PODFILE_DIR_PATH}/Podfile.lock\" \"${PODS_ROOT}/Manifest.lock\" > /dev/null\nif [ $? != 0 ] ; then\n    # print error to STDERR\n    echo \"error: The sandbox is not in sync with the Podfile.lock. Run 'pod install' or update your CocoaPods installation.\" >&2\n    exit 1\nfi\n";
			showEnvVarsInLog = 0;
		};
/* End PBXShellScriptBuildPhase section */

/* Begin PBXSourcesBuildPhase section */
		B6ECE4DB1EE5423800093CFC /* Sources */ = {
			isa = PBXSourcesBuildPhase;
			buildActionMask = 2147483647;
			files = (
				B6ECE4E71EE5423800093CFC /* SecondViewController.swift in Sources */,
				B6ECE4E31EE5423800093CFC /* AppDelegate.swift in Sources */,
				B6ECE4E51EE5423800093CFC /* FirstViewController.swift in Sources */,
			);
			runOnlyForDeploymentPostprocessing = 0;
		};
/* End PBXSourcesBuildPhase section */

/* Begin PBXVariantGroup section */
		B6ECE4E81EE5423800093CFC /* Main.storyboard */ = {
			isa = PBXVariantGroup;
			children = (
				B6ECE4E91EE5423800093CFC /* Base */,
			);
			name = Main.storyboard;
			sourceTree = "<group>";
		};
		B6ECE4ED1EE5423800093CFC /* LaunchScreen.storyboard */ = {
			isa = PBXVariantGroup;
			children = (
				B6ECE4EE1EE5423800093CFC /* Base */,
			);
			name = LaunchScreen.storyboard;
			sourceTree = "<group>";
		};
/* End PBXVariantGroup section */

/* Begin XCBuildConfiguration section */
		B6ECE4F11EE5423800093CFC /* Debug */ = {
			isa = XCBuildConfiguration;
			buildSettings = {
				ALWAYS_SEARCH_USER_PATHS = NO;
				CLANG_ANALYZER_NONNULL = YES;
				CLANG_ANALYZER_NUMBER_OBJECT_CONVERSION = YES_AGGRESSIVE;
				CLANG_CXX_LANGUAGE_STANDARD = "gnu++0x";
				CLANG_CXX_LIBRARY = "libc++";
				CLANG_ENABLE_MODULES = YES;
				CLANG_ENABLE_OBJC_ARC = YES;
				CLANG_WARN_BOOL_CONVERSION = YES;
				CLANG_WARN_CONSTANT_CONVERSION = YES;
				CLANG_WARN_DIRECT_OBJC_ISA_USAGE = YES_ERROR;
				CLANG_WARN_DOCUMENTATION_COMMENTS = YES;
				CLANG_WARN_EMPTY_BODY = YES;
				CLANG_WARN_ENUM_CONVERSION = YES;
				CLANG_WARN_INFINITE_RECURSION = YES;
				CLANG_WARN_INT_CONVERSION = YES;
				CLANG_WARN_OBJC_ROOT_CLASS = YES_ERROR;
				CLANG_WARN_SUSPICIOUS_MOVE = YES;
				CLANG_WARN_UNREACHABLE_CODE = YES;
				CLANG_WARN__DUPLICATE_METHOD_MATCH = YES;
				"CODE_SIGN_IDENTITY[sdk=iphoneos*]" = "iPhone Developer";
				COPY_PHASE_STRIP = NO;
				DEBUG_INFORMATION_FORMAT = dwarf;
				ENABLE_STRICT_OBJC_MSGSEND = YES;
				ENABLE_TESTABILITY = YES;
				GCC_C_LANGUAGE_STANDARD = gnu99;
				GCC_DYNAMIC_NO_PIC = NO;
				GCC_NO_COMMON_BLOCKS = YES;
				GCC_OPTIMIZATION_LEVEL = 0;
				GCC_PREPROCESSOR_DEFINITIONS = (
					"DEBUG=1",
					"$(inherited)",
				);
				GCC_WARN_64_TO_32_BIT_CONVERSION = YES;
				GCC_WARN_ABOUT_RETURN_TYPE = YES_ERROR;
				GCC_WARN_UNDECLARED_SELECTOR = YES;
				GCC_WARN_UNINITIALIZED_AUTOS = YES_AGGRESSIVE;
				GCC_WARN_UNUSED_FUNCTION = YES;
				GCC_WARN_UNUSED_VARIABLE = YES;
				IPHONEOS_DEPLOYMENT_TARGET = 10.3;
				MTL_ENABLE_DEBUG_INFO = YES;
				ONLY_ACTIVE_ARCH = YES;
				SDKROOT = iphoneos;
				SWIFT_ACTIVE_COMPILATION_CONDITIONS = DEBUG;
				SWIFT_OPTIMIZATION_LEVEL = "-Onone";
				TARGETED_DEVICE_FAMILY = "1,2";
			};
			name = Debug;
		};
		B6ECE4F21EE5423800093CFC /* Release */ = {
			isa = XCBuildConfiguration;
			buildSettings = {
				ALWAYS_SEARCH_USER_PATHS = NO;
				CLANG_ANALYZER_NONNULL = YES;
				CLANG_ANALYZER_NUMBER_OBJECT_CONVERSION = YES_AGGRESSIVE;
				CLANG_CXX_LANGUAGE_STANDARD = "gnu++0x";
				CLANG_CXX_LIBRARY = "libc++";
				CLANG_ENABLE_MODULES = YES;
				CLANG_ENABLE_OBJC_ARC = YES;
				CLANG_WARN_BOOL_CONVERSION = YES;
				CLANG_WARN_CONSTANT_CONVERSION = YES;
				CLANG_WARN_DIRECT_OBJC_ISA_USAGE = YES_ERROR;
				CLANG_WARN_DOCUMENTATION_COMMENTS = YES;
				CLANG_WARN_EMPTY_BODY = YES;
				CLANG_WARN_ENUM_CONVERSION = YES;
				CLANG_WARN_INFINITE_RECURSION = YES;
				CLANG_WARN_INT_CONVERSION = YES;
				CLANG_WARN_OBJC_ROOT_CLASS = YES_ERROR;
				CLANG_WARN_SUSPICIOUS_MOVE = YES;
				CLANG_WARN_UNREACHABLE_CODE = YES;
				CLANG_WARN__DUPLICATE_METHOD_MATCH = YES;
				"CODE_SIGN_IDENTITY[sdk=iphoneos*]" = "iPhone Developer";
				COPY_PHASE_STRIP = NO;
				DEBUG_INFORMATION_FORMAT = "dwarf-with-dsym";
				ENABLE_NS_ASSERTIONS = NO;
				ENABLE_STRICT_OBJC_MSGSEND = YES;
				GCC_C_LANGUAGE_STANDARD = gnu99;
				GCC_NO_COMMON_BLOCKS = YES;
				GCC_WARN_64_TO_32_BIT_CONVERSION = YES;
				GCC_WARN_ABOUT_RETURN_TYPE = YES_ERROR;
				GCC_WARN_UNDECLARED_SELECTOR = YES;
				GCC_WARN_UNINITIALIZED_AUTOS = YES_AGGRESSIVE;
				GCC_WARN_UNUSED_FUNCTION = YES;
				GCC_WARN_UNUSED_VARIABLE = YES;
				IPHONEOS_DEPLOYMENT_TARGET = 10.3;
				MTL_ENABLE_DEBUG_INFO = NO;
				SDKROOT = iphoneos;
				SWIFT_OPTIMIZATION_LEVEL = "-Owholemodule";
				TARGETED_DEVICE_FAMILY = "1,2";
				VALIDATE_PRODUCT = YES;
			};
			name = Release;
		};
		B6ECE4F41EE5423800093CFC /* Debug */ = {
			isa = XCBuildConfiguration;
			baseConfigurationReference = CF9BCBD29A76159144757AC6 /* Pods-ixLocationTwo.debug.xcconfig */;
			buildSettings = {
				ASSETCATALOG_COMPILER_APPICON_NAME = AppIcon;
				DEVELOPMENT_TEAM = V2SYTB72GZ;
				INFOPLIST_FILE = ixLocationTwo/Info.plist;
				LD_RUNPATH_SEARCH_PATHS = "$(inherited) @executable_path/Frameworks";
				PRODUCT_BUNDLE_IDENTIFIER = "Jon-Nelson.ixLocationTwo";
				PRODUCT_NAME = "$(TARGET_NAME)";
				SWIFT_VERSION = 3.0;
			};
			name = Debug;
		};
		B6ECE4F51EE5423800093CFC /* Release */ = {
			isa = XCBuildConfiguration;
			baseConfigurationReference = F6AECC3B199A2C83631CD176 /* Pods-ixLocationTwo.release.xcconfig */;
			buildSettings = {
				ASSETCATALOG_COMPILER_APPICON_NAME = AppIcon;
				DEVELOPMENT_TEAM = V2SYTB72GZ;
				INFOPLIST_FILE = ixLocationTwo/Info.plist;
				LD_RUNPATH_SEARCH_PATHS = "$(inherited) @executable_path/Frameworks";
				PRODUCT_BUNDLE_IDENTIFIER = "Jon-Nelson.ixLocationTwo";
				PRODUCT_NAME = "$(TARGET_NAME)";
				SWIFT_VERSION = 3.0;
			};
			name = Release;
		};
/* End XCBuildConfiguration section */

/* Begin XCConfigurationList section */
		B6ECE4DA1EE5423800093CFC /* Build configuration list for PBXProject "ixLocationTwo" */ = {
			isa = XCConfigurationList;
			buildConfigurations = (
				B6ECE4F11EE5423800093CFC /* Debug */,
				B6ECE4F21EE5423800093CFC /* Release */,
			);
			defaultConfigurationIsVisible = 0;
			defaultConfigurationName = Release;
		};
		B6ECE4F31EE5423800093CFC /* Build configuration list for PBXNativeTarget "ixLocationTwo" */ = {
			isa = XCConfigurationList;
			buildConfigurations = (
				B6ECE4F41EE5423800093CFC /* Debug */,
				B6ECE4F51EE5423800093CFC /* Release */,
			);
			defaultConfigurationIsVisible = 0;
		};
/* End XCConfigurationList section */
	};
	rootObject = B6ECE4D71EE5423800093CFC /* Project object */;
}
